// !$*UTF8*$!
{
	archiveVersion = 1;
	classes = {
	};
	objectVersion = 55;
	objects = {

/* Begin PBXBuildFile section */
		C19631B7287FD8C3001AA93B /* GenreCell.swift in Sources */ = {isa = PBXBuildFile; fileRef = C19631B5287FD8C3001AA93B /* GenreCell.swift */; };
		C19631B8287FD8C3001AA93B /* GenreCell.xib in Resources */ = {isa = PBXBuildFile; fileRef = C19631B6287FD8C3001AA93B /* GenreCell.xib */; };
		C19631BB287FD9AC001AA93B /* Extensions.swift in Sources */ = {isa = PBXBuildFile; fileRef = C19631BA287FD9AC001AA93B /* Extensions.swift */; };
		C19631BD287FDB98001AA93B /* ViewController+CollectionView.swift in Sources */ = {isa = PBXBuildFile; fileRef = C19631BC287FDB97001AA93B /* ViewController+CollectionView.swift */; };
		C19631C628800111001AA93B /* SameGenreCell.swift in Sources */ = {isa = PBXBuildFile; fileRef = C19631C428800111001AA93B /* SameGenreCell.swift */; };
		C19631C728800111001AA93B /* SameGenreCell.xib in Resources */ = {isa = PBXBuildFile; fileRef = C19631C528800111001AA93B /* SameGenreCell.xib */; };
		C19631C928800397001AA93B /* Detali+collectionView.swift in Sources */ = {isa = PBXBuildFile; fileRef = C19631C828800397001AA93B /* Detali+collectionView.swift */; };
		C19631CB28806076001AA93B /* StartView.swift in Sources */ = {isa = PBXBuildFile; fileRef = C19631CA28806076001AA93B /* StartView.swift */; };
		C1F3D6AD287D448500993F44 /* AppDelegate.swift in Sources */ = {isa = PBXBuildFile; fileRef = C1F3D6AC287D448500993F44 /* AppDelegate.swift */; };
		C1F3D6AF287D448500993F44 /* SceneDelegate.swift in Sources */ = {isa = PBXBuildFile; fileRef = C1F3D6AE287D448500993F44 /* SceneDelegate.swift */; };
		C1F3D6B1287D448500993F44 /* ViewController.swift in Sources */ = {isa = PBXBuildFile; fileRef = C1F3D6B0287D448500993F44 /* ViewController.swift */; };
		C1F3D6B4287D448500993F44 /* Main.storyboard in Resources */ = {isa = PBXBuildFile; fileRef = C1F3D6B2287D448500993F44 /* Main.storyboard */; };
		C1F3D6B6287D448600993F44 /* Assets.xcassets in Resources */ = {isa = PBXBuildFile; fileRef = C1F3D6B5287D448600993F44 /* Assets.xcassets */; };
		C1F3D6B9287D448600993F44 /* LaunchScreen.storyboard in Resources */ = {isa = PBXBuildFile; fileRef = C1F3D6B7287D448600993F44 /* LaunchScreen.storyboard */; };
		C1F3D6C1287D44C700993F44 /* MovieCell.swift in Sources */ = {isa = PBXBuildFile; fileRef = C1F3D6C0287D44C700993F44 /* MovieCell.swift */; };
		C1F3D6C3287D44DB00993F44 /* Model.swift in Sources */ = {isa = PBXBuildFile; fileRef = C1F3D6C2287D44DB00993F44 /* Model.swift */; };
		C1F3D6C5287D5B9C00993F44 /* Detail.swift in Sources */ = {isa = PBXBuildFile; fileRef = C1F3D6C4287D5B9C00993F44 /* Detail.swift */; };
/* End PBXBuildFile section */

/* Begin PBXFileReference section */
		C19631B5287FD8C3001AA93B /* GenreCell.swift */ = {isa = PBXFileReference; lastKnownFileType = sourcecode.swift; path = GenreCell.swift; sourceTree = "<group>"; };
		C19631B6287FD8C3001AA93B /* GenreCell.xib */ = {isa = PBXFileReference; lastKnownFileType = file.xib; path = GenreCell.xib; sourceTree = "<group>"; };
		C19631BA287FD9AC001AA93B /* Extensions.swift */ = {isa = PBXFileReference; lastKnownFileType = sourcecode.swift; path = Extensions.swift; sourceTree = "<group>"; };
		C19631BC287FDB97001AA93B /* ViewController+CollectionView.swift */ = {isa = PBXFileReference; lastKnownFileType = sourcecode.swift; path = "ViewController+CollectionView.swift"; sourceTree = "<group>"; };
		C19631C428800111001AA93B /* SameGenreCell.swift */ = {isa = PBXFileReference; lastKnownFileType = sourcecode.swift; path = SameGenreCell.swift; sourceTree = "<group>"; };
		C19631C528800111001AA93B /* SameGenreCell.xib */ = {isa = PBXFileReference; lastKnownFileType = file.xib; path = SameGenreCell.xib; sourceTree = "<group>"; };
		C19631C828800397001AA93B /* Detali+collectionView.swift */ = {isa = PBXFileReference; lastKnownFileType = sourcecode.swift; path = "Detali+collectionView.swift"; sourceTree = "<group>"; };
		C19631CA28806076001AA93B /* StartView.swift */ = {isa = PBXFileReference; lastKnownFileType = sourcecode.swift; path = StartView.swift; sourceTree = "<group>"; };
		C1F3D6A9287D448500993F44 /* task15(lali_chubinidze).app */ = {isa = PBXFileReference; explicitFileType = wrapper.application; includeInIndex = 0; path = "task15(lali_chubinidze).app"; sourceTree = BUILT_PRODUCTS_DIR; };
		C1F3D6AC287D448500993F44 /* AppDelegate.swift */ = {isa = PBXFileReference; lastKnownFileType = sourcecode.swift; path = AppDelegate.swift; sourceTree = "<group>"; };
		C1F3D6AE287D448500993F44 /* SceneDelegate.swift */ = {isa = PBXFileReference; lastKnownFileType = sourcecode.swift; path = SceneDelegate.swift; sourceTree = "<group>"; };
		C1F3D6B0287D448500993F44 /* ViewController.swift */ = {isa = PBXFileReference; lastKnownFileType = sourcecode.swift; path = ViewController.swift; sourceTree = "<group>"; };
		C1F3D6B3287D448500993F44 /* Base */ = {isa = PBXFileReference; lastKnownFileType = file.storyboard; name = Base; path = Base.lproj/Main.storyboard; sourceTree = "<group>"; };
		C1F3D6B5287D448600993F44 /* Assets.xcassets */ = {isa = PBXFileReference; lastKnownFileType = folder.assetcatalog; path = Assets.xcassets; sourceTree = "<group>"; };
		C1F3D6B8287D448600993F44 /* Base */ = {isa = PBXFileReference; lastKnownFileType = file.storyboard; name = Base; path = Base.lproj/LaunchScreen.storyboard; sourceTree = "<group>"; };
		C1F3D6BA287D448600993F44 /* Info.plist */ = {isa = PBXFileReference; lastKnownFileType = text.plist.xml; path = Info.plist; sourceTree = "<group>"; };
		C1F3D6C0287D44C700993F44 /* MovieCell.swift */ = {isa = PBXFileReference; lastKnownFileType = sourcecode.swift; path = MovieCell.swift; sourceTree = "<group>"; };
		C1F3D6C2287D44DB00993F44 /* Model.swift */ = {isa = PBXFileReference; lastKnownFileType = sourcecode.swift; path = Model.swift; sourceTree = "<group>"; };
		C1F3D6C4287D5B9C00993F44 /* Detail.swift */ = {isa = PBXFileReference; lastKnownFileType = sourcecode.swift; path = Detail.swift; sourceTree = "<group>"; };
/* End PBXFileReference section */

/* Begin PBXFrameworksBuildPhase section */
		C1F3D6A6287D448500993F44 /* Frameworks */ = {
			isa = PBXFrameworksBuildPhase;
			buildActionMask = 2147483647;
			files = (
			);
			runOnlyForDeploymentPostprocessing = 0;
		};
/* End PBXFrameworksBuildPhase section */

/* Begin PBXGroup section */
		C19631B4287FD74D001AA93B /* GenreCell */ = {
			isa = PBXGroup;
			children = (
				C19631B5287FD8C3001AA93B /* GenreCell.swift */,
				C19631B6287FD8C3001AA93B /* GenreCell.xib */,
			);
			path = GenreCell;
			sourceTree = "<group>";
		};
		C19631C3288000E5001AA93B /* SameGenreCell */ = {
			isa = PBXGroup;
			children = (
				C19631C428800111001AA93B /* SameGenreCell.swift */,
				C19631C528800111001AA93B /* SameGenreCell.xib */,
			);
			path = SameGenreCell;
			sourceTree = "<group>";
		};
		C1F3D6A0287D448500993F44 = {
			isa = PBXGroup;
			children = (
				C1F3D6AB287D448500993F44 /* task15(lali_chubinidze) */,
				C1F3D6AA287D448500993F44 /* Products */,
			);
			sourceTree = "<group>";
		};
		C1F3D6AA287D448500993F44 /* Products */ = {
			isa = PBXGroup;
			children = (
				C1F3D6A9287D448500993F44 /* task15(lali_chubinidze).app */,
			);
			name = Products;
			sourceTree = "<group>";
		};
		C1F3D6AB287D448500993F44 /* task15(lali_chubinidze) */ = {
			isa = PBXGroup;
			children = (
				C1F3D6AC287D448500993F44 /* AppDelegate.swift */,
				C1F3D6AE287D448500993F44 /* SceneDelegate.swift */,
				C19631CA28806076001AA93B /* StartView.swift */,
				C19631C3288000E5001AA93B /* SameGenreCell */,
				C19631BA287FD9AC001AA93B /* Extensions.swift */,
				C1F3D6B0287D448500993F44 /* ViewController.swift */,
				C19631BC287FDB97001AA93B /* ViewController+CollectionView.swift */,
				C1F3D6C2287D44DB00993F44 /* Model.swift */,
				C19631C828800397001AA93B /* Detali+collectionView.swift */,
				C1F3D6C0287D44C700993F44 /* MovieCell.swift */,
				C1F3D6C4287D5B9C00993F44 /* Detail.swift */,
				C19631B4287FD74D001AA93B /* GenreCell */,
				C1F3D6B2287D448500993F44 /* Main.storyboard */,
				C1F3D6B5287D448600993F44 /* Assets.xcassets */,
				C1F3D6B7287D448600993F44 /* LaunchScreen.storyboard */,
				C1F3D6BA287D448600993F44 /* Info.plist */,
			);
			path = "task15(lali_chubinidze)";
			sourceTree = "<group>";
		};
/* End PBXGroup section */

/* Begin PBXNativeTarget section */
		C1F3D6A8287D448500993F44 /* task15(lali_chubinidze) */ = {
			isa = PBXNativeTarget;
			buildConfigurationList = C1F3D6BD287D448600993F44 /* Build configuration list for PBXNativeTarget "task15(lali_chubinidze)" */;
			buildPhases = (
				C1F3D6A5287D448500993F44 /* Sources */,
				C1F3D6A6287D448500993F44 /* Frameworks */,
				C1F3D6A7287D448500993F44 /* Resources */,
			);
			buildRules = (
			);
			dependencies = (
			);
			name = "task15(lali_chubinidze)";
			productName = "task15(lali_chubinidze)";
			productReference = C1F3D6A9287D448500993F44 /* task15(lali_chubinidze).app */;
			productType = "com.apple.product-type.application";
		};
/* End PBXNativeTarget section */

/* Begin PBXProject section */
		C1F3D6A1287D448500993F44 /* Project object */ = {
			isa = PBXProject;
			attributes = {
				BuildIndependentTargetsInParallel = 1;
				LastSwiftUpdateCheck = 1310;
				LastUpgradeCheck = 1310;
				TargetAttributes = {
					C1F3D6A8287D448500993F44 = {
						CreatedOnToolsVersion = 13.1;
					};
				};
			};
			buildConfigurationList = C1F3D6A4287D448500993F44 /* Build configuration list for PBXProject "task15(lali_chubinidze)" */;
			compatibilityVersion = "Xcode 13.0";
			developmentRegion = en;
			hasScannedForEncodings = 0;
			knownRegions = (
				en,
				Base,
			);
			mainGroup = C1F3D6A0287D448500993F44;
			productRefGroup = C1F3D6AA287D448500993F44 /* Products */;
			projectDirPath = "";
			projectRoot = "";
			targets = (
				C1F3D6A8287D448500993F44 /* task15(lali_chubinidze) */,
			);
		};
/* End PBXProject section */

/* Begin PBXResourcesBuildPhase section */
		C1F3D6A7287D448500993F44 /* Resources */ = {
			isa = PBXResourcesBuildPhase;
			buildActionMask = 2147483647;
			files = (
				C1F3D6B9287D448600993F44 /* LaunchScreen.storyboard in Resources */,
				C1F3D6B6287D448600993F44 /* Assets.xcassets in Resources */,
				C19631C728800111001AA93B /* SameGenreCell.xib in Resources */,
				C1F3D6B4287D448500993F44 /* Main.storyboard in Resources */,
				C19631B8287FD8C3001AA93B /* GenreCell.xib in Resources */,
			);
			runOnlyForDeploymentPostprocessing = 0;
		};
/* End PBXResourcesBuildPhase section */

/* Begin PBXSourcesBuildPhase section */
		C1F3D6A5287D448500993F44 /* Sources */ = {
			isa = PBXSourcesBuildPhase;
			buildActionMask = 2147483647;
			files = (
				C1F3D6C3287D44DB00993F44 /* Model.swift in Sources */,
				C1F3D6B1287D448500993F44 /* ViewController.swift in Sources */,
				C19631B7287FD8C3001AA93B /* GenreCell.swift in Sources */,
				C19631CB28806076001AA93B /* StartView.swift in Sources */,
				C19631BB287FD9AC001AA93B /* Extensions.swift in Sources */,
				C19631BD287FDB98001AA93B /* ViewController+CollectionView.swift in Sources */,
				C1F3D6C5287D5B9C00993F44 /* Detail.swift in Sources */,
				C19631C928800397001AA93B /* Detali+collectionView.swift in Sources */,
				C1F3D6AD287D448500993F44 /* AppDelegate.swift in Sources */,
				C19631C628800111001AA93B /* SameGenreCell.swift in Sources */,
				C1F3D6C1287D44C700993F44 /* MovieCell.swift in Sources */,
				C1F3D6AF287D448500993F44 /* SceneDelegate.swift in Sources */,
			);
			runOnlyForDeploymentPostprocessing = 0;
		};
/* End PBXSourcesBuildPhase section */

/* Begin PBXVariantGroup section */
		C1F3D6B2287D448500993F44 /* Main.storyboard */ = {
			isa = PBXVariantGroup;
			children = (
				C1F3D6B3287D448500993F44 /* Base */,
			);
			name = Main.storyboard;
			sourceTree = "<group>";
		};
		C1F3D6B7287D448600993F44 /* LaunchScreen.storyboard */ = {
			isa = PBXVariantGroup;
			children = (
				C1F3D6B8287D448600993F44 /* Base */,
			);
			name = LaunchScreen.storyboard;
			sourceTree = "<group>";
		};
/* End PBXVariantGroup section */

/* Begin XCBuildConfiguration section */
		C1F3D6BB287D448600993F44 /* Debug */ = {
			isa = XCBuildConfiguration;
			buildSettings = {
				ALWAYS_SEARCH_USER_PATHS = NO;
				CLANG_ANALYZER_NONNULL = YES;
				CLANG_ANALYZER_NUMBER_OBJECT_CONVERSION = YES_AGGRESSIVE;
				CLANG_CXX_LANGUAGE_STANDARD = "gnu++17";
				CLANG_CXX_LIBRARY = "libc++";
				CLANG_ENABLE_MODULES = YES;
				CLANG_ENABLE_OBJC_ARC = YES;
				CLANG_ENABLE_OBJC_WEAK = YES;
				CLANG_WARN_BLOCK_CAPTURE_AUTORELEASING = YES;
				CLANG_WARN_BOOL_CONVERSION = YES;
				CLANG_WARN_COMMA = YES;
				CLANG_WARN_CONSTANT_CONVERSION = YES;
				CLANG_WARN_DEPRECATED_OBJC_IMPLEMENTATIONS = YES;
				CLANG_WARN_DIRECT_OBJC_ISA_USAGE = YES_ERROR;
				CLANG_WARN_DOCUMENTATION_COMMENTS = YES;
				CLANG_WARN_EMPTY_BODY = YES;
				CLANG_WARN_ENUM_CONVERSION = YES;
				CLANG_WARN_INFINITE_RECURSION = YES;
				CLANG_WARN_INT_CONVERSION = YES;
				CLANG_WARN_NON_LITERAL_NULL_CONVERSION = YES;
				CLANG_WARN_OBJC_IMPLICIT_RETAIN_SELF = YES;
				CLANG_WARN_OBJC_LITERAL_CONVERSION = YES;
				CLANG_WARN_OBJC_ROOT_CLASS = YES_ERROR;
				CLANG_WARN_QUOTED_INCLUDE_IN_FRAMEWORK_HEADER = YES;
				CLANG_WARN_RANGE_LOOP_ANALYSIS = YES;
				CLANG_WARN_STRICT_PROTOTYPES = YES;
				CLANG_WARN_SUSPICIOUS_MOVE = YES;
				CLANG_WARN_UNGUARDED_AVAILABILITY = YES_AGGRESSIVE;
				CLANG_WARN_UNREACHABLE_CODE = YES;
				CLANG_WARN__DUPLICATE_METHOD_MATCH = YES;
				COPY_PHASE_STRIP = NO;
				DEBUG_INFORMATION_FORMAT = dwarf;
				ENABLE_STRICT_OBJC_MSGSEND = YES;
				ENABLE_TESTABILITY = YES;
				GCC_C_LANGUAGE_STANDARD = gnu11;
				GCC_DYNAMIC_NO_PIC = NO;
				GCC_NO_COMMON_BLOCKS = YES;
				GCC_OPTIMIZATION_LEVEL = 0;
				GCC_PREPROCESSOR_DEFINITIONS = (
					"DEBUG=1",
					"$(inherited)",
				);
				GCC_WARN_64_TO_32_BIT_CONVERSION = YES;
				GCC_WARN_ABOUT_RETURN_TYPE = YES_ERROR;
				GCC_WARN_UNDECLARED_SELECTOR = YES;
				GCC_WARN_UNINITIALIZED_AUTOS = YES_AGGRESSIVE;
				GCC_WARN_UNUSED_FUNCTION = YES;
				GCC_WARN_UNUSED_VARIABLE = YES;
				IPHONEOS_DEPLOYMENT_TARGET = 15.0;
				MTL_ENABLE_DEBUG_INFO = INCLUDE_SOURCE;
				MTL_FAST_MATH = YES;
				ONLY_ACTIVE_ARCH = YES;
				SDKROOT = iphoneos;
				SWIFT_ACTIVE_COMPILATION_CONDITIONS = DEBUG;
				SWIFT_OPTIMIZATION_LEVEL = "-Onone";
			};
			name = Debug;
		};
		C1F3D6BC287D448600993F44 /* Release */ = {
			isa = XCBuildConfiguration;
			buildSettings = {
				ALWAYS_SEARCH_USER_PATHS = NO;
				CLANG_ANALYZER_NONNULL = YES;
				CLANG_ANALYZER_NUMBER_OBJECT_CONVERSION = YES_AGGRESSIVE;
				CLANG_CXX_LANGUAGE_STANDARD = "gnu++17";
				CLANG_CXX_LIBRARY = "libc++";
				CLANG_ENABLE_MODULES = YES;
				CLANG_ENABLE_OBJC_ARC = YES;
				CLANG_ENABLE_OBJC_WEAK = YES;
				CLANG_WARN_BLOCK_CAPTURE_AUTORELEASING = YES;
				CLANG_WARN_BOOL_CONVERSION = YES;
				CLANG_WARN_COMMA = YES;
				CLANG_WARN_CONSTANT_CONVERSION = YES;
				CLANG_WARN_DEPRECATED_OBJC_IMPLEMENTATIONS = YES;
				CLANG_WARN_DIRECT_OBJC_ISA_USAGE = YES_ERROR;
				CLANG_WARN_DOCUMENTATION_COMMENTS = YES;
				CLANG_WARN_EMPTY_BODY = YES;
				CLANG_WARN_ENUM_CONVERSION = YES;
				CLANG_WARN_INFINITE_RECURSION = YES;
				CLANG_WARN_INT_CONVERSION = YES;
				CLANG_WARN_NON_LITERAL_NULL_CONVERSION = YES;
				CLANG_WARN_OBJC_IMPLICIT_RETAIN_SELF = YES;
				CLANG_WARN_OBJC_LITERAL_CONVERSION = YES;
				CLANG_WARN_OBJC_ROOT_CLASS = YES_ERROR;
				CLANG_WARN_QUOTED_INCLUDE_IN_FRAMEWORK_HEADER = YES;
				CLANG_WARN_RANGE_LOOP_ANALYSIS = YES;
				CLANG_WARN_STRICT_PROTOTYPES = YES;
				CLANG_WARN_SUSPICIOUS_MOVE = YES;
				CLANG_WARN_UNGUARDED_AVAILABILITY = YES_AGGRESSIVE;
				CLANG_WARN_UNREACHABLE_CODE = YES;
				CLANG_WARN__DUPLICATE_METHOD_MATCH = YES;
				COPY_PHASE_STRIP = NO;
				DEBUG_INFORMATION_FORMAT = "dwarf-with-dsym";
				ENABLE_NS_ASSERTIONS = NO;
				ENABLE_STRICT_OBJC_MSGSEND = YES;
				GCC_C_LANGUAGE_STANDARD = gnu11;
				GCC_NO_COMMON_BLOCKS = YES;
				GCC_WARN_64_TO_32_BIT_CONVERSION = YES;
				GCC_WARN_ABOUT_RETURN_TYPE = YES_ERROR;
				GCC_WARN_UNDECLARED_SELECTOR = YES;
				GCC_WARN_UNINITIALIZED_AUTOS = YES_AGGRESSIVE;
				GCC_WARN_UNUSED_FUNCTION = YES;
				GCC_WARN_UNUSED_VARIABLE = YES;
				IPHONEOS_DEPLOYMENT_TARGET = 15.0;
				MTL_ENABLE_DEBUG_INFO = NO;
				MTL_FAST_MATH = YES;
				SDKROOT = iphoneos;
				SWIFT_COMPILATION_MODE = wholemodule;
				SWIFT_OPTIMIZATION_LEVEL = "-O";
				VALIDATE_PRODUCT = YES;
			};
			name = Release;
		};
		C1F3D6BE287D448600993F44 /* Debug */ = {
			isa = XCBuildConfiguration;
			buildSettings = {
				ASSETCATALOG_COMPILER_APPICON_NAME = AppIcon;
				ASSETCATALOG_COMPILER_GLOBAL_ACCENT_COLOR_NAME = AccentColor;
				CODE_SIGN_STYLE = Automatic;
				CURRENT_PROJECT_VERSION = 1;
				GENERATE_INFOPLIST_FILE = YES;
				INFOPLIST_FILE = "task15(lali_chubinidze)/Info.plist";
				INFOPLIST_KEY_UIApplicationSupportsIndirectInputEvents = YES;
				INFOPLIST_KEY_UILaunchStoryboardName = LaunchScreen;
				INFOPLIST_KEY_UIMainStoryboardFile = Main;
				INFOPLIST_KEY_UISupportedInterfaceOrientations_iPad = "UIInterfaceOrientationPortrait UIInterfaceOrientationPortraitUpsideDown UIInterfaceOrientationLandscapeLeft UIInterfaceOrientationLandscapeRight";
				INFOPLIST_KEY_UISupportedInterfaceOrientations_iPhone = "UIInterfaceOrientationPortrait UIInterfaceOrientationLandscapeLeft UIInterfaceOrientationLandscapeRight";
				LD_RUNPATH_SEARCH_PATHS = (
					"$(inherited)",
					"@executable_path/Frameworks",
				);
				MARKETING_VERSION = 1.0;
				PRODUCT_BUNDLE_IDENTIFIER = "hh.task15-lali-chubinidze-";
				PRODUCT_NAME = "$(TARGET_NAME)";
				SWIFT_EMIT_LOC_STRINGS = YES;
				SWIFT_VERSION = 5.0;
				TARGETED_DEVICE_FAMILY = "1,2";
			};
			name = Debug;
		};
		C1F3D6BF287D448600993F44 /* Release */ = {
			isa = XCBuildConfiguration;
			buildSettings = {
				ASSETCATALOG_COMPILER_APPICON_NAME = AppIcon;
				ASSETCATALOG_COMPILER_GLOBAL_ACCENT_COLOR_NAME = AccentColor;
				CODE_SIGN_STYLE = Automatic;
				CURRENT_PROJECT_VERSION = 1;
				GENERATE_INFOPLIST_FILE = YES;
				INFOPLIST_FILE = "task15(lali_chubinidze)/Info.plist";
				INFOPLIST_KEY_UIApplicationSupportsIndirectInputEvents = YES;
				INFOPLIST_KEY_UILaunchStoryboardName = LaunchScreen;
				INFOPLIST_KEY_UIMainStoryboardFile = Main;
				INFOPLIST_KEY_UISupportedInterfaceOrientations_iPad = "UIInterfaceOrientationPortrait UIInterfaceOrientationPortraitUpsideDown UIInterfaceOrientationLandscapeLeft UIInterfaceOrientationLandscapeRight";
				INFOPLIST_KEY_UISupportedInterfaceOrientations_iPhone = "UIInterfaceOrientationPortrait UIInterfaceOrientationLandscapeLeft UIInterfaceOrientationLandscapeRight";
				LD_RUNPATH_SEARCH_PATHS = (
					"$(inherited)",
					"@executable_path/Frameworks",
				);
				MARKETING_VERSION = 1.0;
				PRODUCT_BUNDLE_IDENTIFIER = "hh.task15-lali-chubinidze-";
				PRODUCT_NAME = "$(TARGET_NAME)";
				SWIFT_EMIT_LOC_STRINGS = YES;
				SWIFT_VERSION = 5.0;
				TARGETED_DEVICE_FAMILY = "1,2";
			};
			name = Release;
		};
/* End XCBuildConfiguration section */

/* Begin XCConfigurationList section */
		C1F3D6A4287D448500993F44 /* Build configuration list for PBXProject "task15(lali_chubinidze)" */ = {
			isa = XCConfigurationList;
			buildConfigurations = (
				C1F3D6BB287D448600993F44 /* Debug */,
				C1F3D6BC287D448600993F44 /* Release */,
			);
			defaultConfigurationIsVisible = 0;
			defaultConfigurationName = Release;
		};
		C1F3D6BD287D448600993F44 /* Build configuration list for PBXNativeTarget "task15(lali_chubinidze)" */ = {
			isa = XCConfigurationList;
			buildConfigurations = (
				C1F3D6BE287D448600993F44 /* Debug */,
				C1F3D6BF287D448600993F44 /* Release */,
			);
			defaultConfigurationIsVisible = 0;
			defaultConfigurationName = Release;
		};
/* End XCConfigurationList section */
	};
	rootObject = C1F3D6A1287D448500993F44 /* Project object */;
}
